// !$*UTF8*$!
{
	archiveVersion = 1;
	classes = {
	};
	objectVersion = 50;
	objects = {

/* Begin PBXBuildFile section */
		A4F0F8822658BE1C00E4AF96 /* AppDelegate.swift in Sources */ = {isa = PBXBuildFile; fileRef = A4F0F8812658BE1C00E4AF96 /* AppDelegate.swift */; };
		A4F0F8842658BE1C00E4AF96 /* SceneDelegate.swift in Sources */ = {isa = PBXBuildFile; fileRef = A4F0F8832658BE1C00E4AF96 /* SceneDelegate.swift */; };
		A4F0F8862658BE1C00E4AF96 /* prefectureViewController.swift in Sources */ = {isa = PBXBuildFile; fileRef = A4F0F8852658BE1C00E4AF96 /* prefectureViewController.swift */; };
		A4F0F88B2658BE1E00E4AF96 /* Assets.xcassets in Resources */ = {isa = PBXBuildFile; fileRef = A4F0F88A2658BE1E00E4AF96 /* Assets.xcassets */; };
		A4F0F88E2658BE1E00E4AF96 /* LaunchScreen.storyboard in Resources */ = {isa = PBXBuildFile; fileRef = A4F0F88C2658BE1E00E4AF96 /* LaunchScreen.storyboard */; };
		A4F0F8992658BE1E00E4AF96 /* Task10Tests.swift in Sources */ = {isa = PBXBuildFile; fileRef = A4F0F8982658BE1E00E4AF96 /* Task10Tests.swift */; };
		A4F0F8A42658BE1E00E4AF96 /* Task10UITests.swift in Sources */ = {isa = PBXBuildFile; fileRef = A4F0F8A32658BE1E00E4AF96 /* Task10UITests.swift */; };
		A4F0F8CA2658D13500E4AF96 /* Prefecture.storyboard in Resources */ = {isa = PBXBuildFile; fileRef = A4F0F8C92658D13500E4AF96 /* Prefecture.storyboard */; };
		A4F0F8D32658D40F00E4AF96 /* PrefectureTableViewCell.swift in Sources */ = {isa = PBXBuildFile; fileRef = A4F0F8D12658D40F00E4AF96 /* PrefectureTableViewCell.swift */; };
		A4F0F8D42658D40F00E4AF96 /* PrefectureTableViewCell.xib in Resources */ = {isa = PBXBuildFile; fileRef = A4F0F8D22658D40F00E4AF96 /* PrefectureTableViewCell.xib */; };
/* End PBXBuildFile section */

/* Begin PBXContainerItemProxy section */
		A4F0F8952658BE1E00E4AF96 /* PBXContainerItemProxy */ = {
			isa = PBXContainerItemProxy;
			containerPortal = A4F0F8762658BE1C00E4AF96 /* Project object */;
			proxyType = 1;
			remoteGlobalIDString = A4F0F87D2658BE1C00E4AF96;
			remoteInfo = Task10;
		};
		A4F0F8A02658BE1E00E4AF96 /* PBXContainerItemProxy */ = {
			isa = PBXContainerItemProxy;
			containerPortal = A4F0F8762658BE1C00E4AF96 /* Project object */;
			proxyType = 1;
			remoteGlobalIDString = A4F0F87D2658BE1C00E4AF96;
			remoteInfo = Task10;
		};
/* End PBXContainerItemProxy section */

/* Begin PBXFileReference section */
		A4F0F87E2658BE1C00E4AF96 /* Task10.app */ = {isa = PBXFileReference; explicitFileType = wrapper.application; includeInIndex = 0; path = Task10.app; sourceTree = BUILT_PRODUCTS_DIR; };
		A4F0F8812658BE1C00E4AF96 /* AppDelegate.swift */ = {isa = PBXFileReference; lastKnownFileType = sourcecode.swift; path = AppDelegate.swift; sourceTree = "<group>"; };
		A4F0F8832658BE1C00E4AF96 /* SceneDelegate.swift */ = {isa = PBXFileReference; lastKnownFileType = sourcecode.swift; path = SceneDelegate.swift; sourceTree = "<group>"; };
		A4F0F8852658BE1C00E4AF96 /* prefectureViewController.swift */ = {isa = PBXFileReference; lastKnownFileType = sourcecode.swift; path = prefectureViewController.swift; sourceTree = "<group>"; };
		A4F0F88A2658BE1E00E4AF96 /* Assets.xcassets */ = {isa = PBXFileReference; lastKnownFileType = folder.assetcatalog; path = Assets.xcassets; sourceTree = "<group>"; };
		A4F0F88D2658BE1E00E4AF96 /* Base */ = {isa = PBXFileReference; lastKnownFileType = file.storyboard; name = Base; path = Base.lproj/LaunchScreen.storyboard; sourceTree = "<group>"; };
		A4F0F88F2658BE1E00E4AF96 /* Info.plist */ = {isa = PBXFileReference; lastKnownFileType = text.plist.xml; path = Info.plist; sourceTree = "<group>"; };
		A4F0F8942658BE1E00E4AF96 /* Task10Tests.xctest */ = {isa = PBXFileReference; explicitFileType = wrapper.cfbundle; includeInIndex = 0; path = Task10Tests.xctest; sourceTree = BUILT_PRODUCTS_DIR; };
		A4F0F8982658BE1E00E4AF96 /* Task10Tests.swift */ = {isa = PBXFileReference; lastKnownFileType = sourcecode.swift; path = Task10Tests.swift; sourceTree = "<group>"; };
		A4F0F89A2658BE1E00E4AF96 /* Info.plist */ = {isa = PBXFileReference; lastKnownFileType = text.plist.xml; path = Info.plist; sourceTree = "<group>"; };
		A4F0F89F2658BE1E00E4AF96 /* Task10UITests.xctest */ = {isa = PBXFileReference; explicitFileType = wrapper.cfbundle; includeInIndex = 0; path = Task10UITests.xctest; sourceTree = BUILT_PRODUCTS_DIR; };
		A4F0F8A32658BE1E00E4AF96 /* Task10UITests.swift */ = {isa = PBXFileReference; lastKnownFileType = sourcecode.swift; path = Task10UITests.swift; sourceTree = "<group>"; };
		A4F0F8A52658BE1E00E4AF96 /* Info.plist */ = {isa = PBXFileReference; lastKnownFileType = text.plist.xml; path = Info.plist; sourceTree = "<group>"; };
		A4F0F8C92658D13500E4AF96 /* Prefecture.storyboard */ = {isa = PBXFileReference; lastKnownFileType = file.storyboard; path = Prefecture.storyboard; sourceTree = "<group>"; };
		A4F0F8D12658D40F00E4AF96 /* PrefectureTableViewCell.swift */ = {isa = PBXFileReference; lastKnownFileType = sourcecode.swift; path = PrefectureTableViewCell.swift; sourceTree = "<group>"; };
		A4F0F8D22658D40F00E4AF96 /* PrefectureTableViewCell.xib */ = {isa = PBXFileReference; lastKnownFileType = file.xib; path = PrefectureTableViewCell.xib; sourceTree = "<group>"; };
/* End PBXFileReference section */

/* Begin PBXFrameworksBuildPhase section */
		A4F0F87B2658BE1C00E4AF96 /* Frameworks */ = {
			isa = PBXFrameworksBuildPhase;
			buildActionMask = 2147483647;
			files = (
			);
			runOnlyForDeploymentPostprocessing = 0;
		};
		A4F0F8912658BE1E00E4AF96 /* Frameworks */ = {
			isa = PBXFrameworksBuildPhase;
			buildActionMask = 2147483647;
			files = (
			);
			runOnlyForDeploymentPostprocessing = 0;
		};
		A4F0F89C2658BE1E00E4AF96 /* Frameworks */ = {
			isa = PBXFrameworksBuildPhase;
			buildActionMask = 2147483647;
			files = (
			);
			runOnlyForDeploymentPostprocessing = 0;
		};
/* End PBXFrameworksBuildPhase section */

/* Begin PBXGroup section */
		A4F0F8752658BE1C00E4AF96 = {
			isa = PBXGroup;
			children = (
				A4F0F8802658BE1C00E4AF96 /* Task10 */,
				A4F0F8972658BE1E00E4AF96 /* Task10Tests */,
				A4F0F8A22658BE1E00E4AF96 /* Task10UITests */,
				A4F0F87F2658BE1C00E4AF96 /* Products */,
			);
			sourceTree = "<group>";
		};
		A4F0F87F2658BE1C00E4AF96 /* Products */ = {
			isa = PBXGroup;
			children = (
				A4F0F87E2658BE1C00E4AF96 /* Task10.app */,
				A4F0F8942658BE1E00E4AF96 /* Task10Tests.xctest */,
				A4F0F89F2658BE1E00E4AF96 /* Task10UITests.xctest */,
			);
			name = Products;
			sourceTree = "<group>";
		};
		A4F0F8802658BE1C00E4AF96 /* Task10 */ = {
			isa = PBXGroup;
			children = (
				A4F0F8812658BE1C00E4AF96 /* AppDelegate.swift */,
				A4F0F8832658BE1C00E4AF96 /* SceneDelegate.swift */,
				A4F0F8852658BE1C00E4AF96 /* prefectureViewController.swift */,
				A4F0F8D12658D40F00E4AF96 /* PrefectureTableViewCell.swift */,
				A4F0F8D22658D40F00E4AF96 /* PrefectureTableViewCell.xib */,
				A4F0F8C92658D13500E4AF96 /* Prefecture.storyboard */,
				A4F0F88A2658BE1E00E4AF96 /* Assets.xcassets */,
				A4F0F88C2658BE1E00E4AF96 /* LaunchScreen.storyboard */,
				A4F0F88F2658BE1E00E4AF96 /* Info.plist */,
			);
			path = Task10;
			sourceTree = "<group>";
		};
		A4F0F8972658BE1E00E4AF96 /* Task10Tests */ = {
			isa = PBXGroup;
			children = (
				A4F0F8982658BE1E00E4AF96 /* Task10Tests.swift */,
				A4F0F89A2658BE1E00E4AF96 /* Info.plist */,
			);
			path = Task10Tests;
			sourceTree = "<group>";
		};
		A4F0F8A22658BE1E00E4AF96 /* Task10UITests */ = {
			isa = PBXGroup;
			children = (
				A4F0F8A32658BE1E00E4AF96 /* Task10UITests.swift */,
				A4F0F8A52658BE1E00E4AF96 /* Info.plist */,
			);
			path = Task10UITests;
			sourceTree = "<group>";
		};
/* End PBXGroup section */

/* Begin PBXNativeTarget section */
		A4F0F87D2658BE1C00E4AF96 /* Task10 */ = {
			isa = PBXNativeTarget;
			buildConfigurationList = A4F0F8A82658BE1E00E4AF96 /* Build configuration list for PBXNativeTarget "Task10" */;
			buildPhases = (
				A4F0F87A2658BE1C00E4AF96 /* Sources */,
				A4F0F87B2658BE1C00E4AF96 /* Frameworks */,
				A4F0F87C2658BE1C00E4AF96 /* Resources */,
			);
			buildRules = (
			);
			dependencies = (
			);
			name = Task10;
			productName = Task10;
			productReference = A4F0F87E2658BE1C00E4AF96 /* Task10.app */;
			productType = "com.apple.product-type.application";
		};
		A4F0F8932658BE1E00E4AF96 /* Task10Tests */ = {
			isa = PBXNativeTarget;
			buildConfigurationList = A4F0F8AB2658BE1E00E4AF96 /* Build configuration list for PBXNativeTarget "Task10Tests" */;
			buildPhases = (
				A4F0F8902658BE1E00E4AF96 /* Sources */,
				A4F0F8912658BE1E00E4AF96 /* Frameworks */,
				A4F0F8922658BE1E00E4AF96 /* Resources */,
			);
			buildRules = (
			);
			dependencies = (
				A4F0F8962658BE1E00E4AF96 /* PBXTargetDependency */,
			);
			name = Task10Tests;
			productName = Task10Tests;
			productReference = A4F0F8942658BE1E00E4AF96 /* Task10Tests.xctest */;
			productType = "com.apple.product-type.bundle.unit-test";
		};
		A4F0F89E2658BE1E00E4AF96 /* Task10UITests */ = {
			isa = PBXNativeTarget;
			buildConfigurationList = A4F0F8AE2658BE1E00E4AF96 /* Build configuration list for PBXNativeTarget "Task10UITests" */;
			buildPhases = (
				A4F0F89B2658BE1E00E4AF96 /* Sources */,
				A4F0F89C2658BE1E00E4AF96 /* Frameworks */,
				A4F0F89D2658BE1E00E4AF96 /* Resources */,
			);
			buildRules = (
			);
			dependencies = (
				A4F0F8A12658BE1E00E4AF96 /* PBXTargetDependency */,
			);
			name = Task10UITests;
			productName = Task10UITests;
			productReference = A4F0F89F2658BE1E00E4AF96 /* Task10UITests.xctest */;
			productType = "com.apple.product-type.bundle.ui-testing";
		};
/* End PBXNativeTarget section */

/* Begin PBXProject section */
		A4F0F8762658BE1C00E4AF96 /* Project object */ = {
			isa = PBXProject;
			attributes = {
				LastSwiftUpdateCheck = 1240;
				LastUpgradeCheck = 1240;
				TargetAttributes = {
					A4F0F87D2658BE1C00E4AF96 = {
						CreatedOnToolsVersion = 12.4;
					};
					A4F0F8932658BE1E00E4AF96 = {
						CreatedOnToolsVersion = 12.4;
						TestTargetID = A4F0F87D2658BE1C00E4AF96;
					};
					A4F0F89E2658BE1E00E4AF96 = {
						CreatedOnToolsVersion = 12.4;
						TestTargetID = A4F0F87D2658BE1C00E4AF96;
					};
				};
			};
			buildConfigurationList = A4F0F8792658BE1C00E4AF96 /* Build configuration list for PBXProject "Task10" */;
			compatibilityVersion = "Xcode 9.3";
			developmentRegion = en;
			hasScannedForEncodings = 0;
			knownRegions = (
				en,
				Base,
			);
			mainGroup = A4F0F8752658BE1C00E4AF96;
			productRefGroup = A4F0F87F2658BE1C00E4AF96 /* Products */;
			projectDirPath = "";
			projectRoot = "";
			targets = (
				A4F0F87D2658BE1C00E4AF96 /* Task10 */,
				A4F0F8932658BE1E00E4AF96 /* Task10Tests */,
				A4F0F89E2658BE1E00E4AF96 /* Task10UITests */,
			);
		};
/* End PBXProject section */

/* Begin PBXResourcesBuildPhase section */
		A4F0F87C2658BE1C00E4AF96 /* Resources */ = {
			isa = PBXResourcesBuildPhase;
			buildActionMask = 2147483647;
			files = (
				A4F0F8D42658D40F00E4AF96 /* PrefectureTableViewCell.xib in Resources */,
				A4F0F88E2658BE1E00E4AF96 /* LaunchScreen.storyboard in Resources */,
				A4F0F8CA2658D13500E4AF96 /* Prefecture.storyboard in Resources */,
				A4F0F88B2658BE1E00E4AF96 /* Assets.xcassets in Resources */,
			);
			runOnlyForDeploymentPostprocessing = 0;
		};
		A4F0F8922658BE1E00E4AF96 /* Resources */ = {
			isa = PBXResourcesBuildPhase;
			buildActionMask = 2147483647;
			files = (
			);
			runOnlyForDeploymentPostprocessing = 0;
		};
		A4F0F89D2658BE1E00E4AF96 /* Resources */ = {
			isa = PBXResourcesBuildPhase;
			buildActionMask = 2147483647;
			files = (
			);
			runOnlyForDeploymentPostprocessing = 0;
		};
/* End PBXResourcesBuildPhase section */

/* Begin PBXSourcesBuildPhase section */
		A4F0F87A2658BE1C00E4AF96 /* Sources */ = {
			isa = PBXSourcesBuildPhase;
			buildActionMask = 2147483647;
			files = (
				A4F0F8D32658D40F00E4AF96 /* PrefectureTableViewCell.swift in Sources */,
				A4F0F8862658BE1C00E4AF96 /* prefectureViewController.swift in Sources */,
				A4F0F8822658BE1C00E4AF96 /* AppDelegate.swift in Sources */,
				A4F0F8842658BE1C00E4AF96 /* SceneDelegate.swift in Sources */,
			);
			runOnlyForDeploymentPostprocessing = 0;
		};
		A4F0F8902658BE1E00E4AF96 /* Sources */ = {
			isa = PBXSourcesBuildPhase;
			buildActionMask = 2147483647;
			files = (
				A4F0F8992658BE1E00E4AF96 /* Task10Tests.swift in Sources */,
			);
			runOnlyForDeploymentPostprocessing = 0;
		};
		A4F0F89B2658BE1E00E4AF96 /* Sources */ = {
			isa = PBXSourcesBuildPhase;
			buildActionMask = 2147483647;
			files = (
				A4F0F8A42658BE1E00E4AF96 /* Task10UITests.swift in Sources */,
			);
			runOnlyForDeploymentPostprocessing = 0;
		};
/* End PBXSourcesBuildPhase section */

/* Begin PBXTargetDependency section */
		A4F0F8962658BE1E00E4AF96 /* PBXTargetDependency */ = {
			isa = PBXTargetDependency;
			target = A4F0F87D2658BE1C00E4AF96 /* Task10 */;
			targetProxy = A4F0F8952658BE1E00E4AF96 /* PBXContainerItemProxy */;
		};
		A4F0F8A12658BE1E00E4AF96 /* PBXTargetDependency */ = {
			isa = PBXTargetDependency;
			target = A4F0F87D2658BE1C00E4AF96 /* Task10 */;
			targetProxy = A4F0F8A02658BE1E00E4AF96 /* PBXContainerItemProxy */;
		};
/* End PBXTargetDependency section */

/* Begin PBXVariantGroup section */
		A4F0F88C2658BE1E00E4AF96 /* LaunchScreen.storyboard */ = {
			isa = PBXVariantGroup;
			children = (
				A4F0F88D2658BE1E00E4AF96 /* Base */,
			);
			name = LaunchScreen.storyboard;
			sourceTree = "<group>";
		};
/* End PBXVariantGroup section */

/* Begin XCBuildConfiguration section */
		A4F0F8A62658BE1E00E4AF96 /* Debug */ = {
			isa = XCBuildConfiguration;
			buildSettings = {
				ALWAYS_SEARCH_USER_PATHS = NO;
				CLANG_ANALYZER_NONNULL = YES;
				CLANG_ANALYZER_NUMBER_OBJECT_CONVERSION = YES_AGGRESSIVE;
				CLANG_CXX_LANGUAGE_STANDARD = "gnu++14";
				CLANG_CXX_LIBRARY = "libc++";
				CLANG_ENABLE_MODULES = YES;
				CLANG_ENABLE_OBJC_ARC = YES;
				CLANG_ENABLE_OBJC_WEAK = YES;
				CLANG_WARN_BLOCK_CAPTURE_AUTORELEASING = YES;
				CLANG_WARN_BOOL_CONVERSION = YES;
				CLANG_WARN_COMMA = YES;
				CLANG_WARN_CONSTANT_CONVERSION = YES;
				CLANG_WARN_DEPRECATED_OBJC_IMPLEMENTATIONS = YES;
				CLANG_WARN_DIRECT_OBJC_ISA_USAGE = YES_ERROR;
				CLANG_WARN_DOCUMENTATION_COMMENTS = YES;
				CLANG_WARN_EMPTY_BODY = YES;
				CLANG_WARN_ENUM_CONVERSION = YES;
				CLANG_WARN_INFINITE_RECURSION = YES;
				CLANG_WARN_INT_CONVERSION = YES;
				CLANG_WARN_NON_LITERAL_NULL_CONVERSION = YES;
				CLANG_WARN_OBJC_IMPLICIT_RETAIN_SELF = YES;
				CLANG_WARN_OBJC_LITERAL_CONVERSION = YES;
				CLANG_WARN_OBJC_ROOT_CLASS = YES_ERROR;
				CLANG_WARN_QUOTED_INCLUDE_IN_FRAMEWORK_HEADER = YES;
				CLANG_WARN_RANGE_LOOP_ANALYSIS = YES;
				CLANG_WARN_STRICT_PROTOTYPES = YES;
				CLANG_WARN_SUSPICIOUS_MOVE = YES;
				CLANG_WARN_UNGUARDED_AVAILABILITY = YES_AGGRESSIVE;
				CLANG_WARN_UNREACHABLE_CODE = YES;
				CLANG_WARN__DUPLICATE_METHOD_MATCH = YES;
				COPY_PHASE_STRIP = NO;
				DEBUG_INFORMATION_FORMAT = dwarf;
				ENABLE_STRICT_OBJC_MSGSEND = YES;
				ENABLE_TESTABILITY = YES;
				GCC_C_LANGUAGE_STANDARD = gnu11;
				GCC_DYNAMIC_NO_PIC = NO;
				GCC_NO_COMMON_BLOCKS = YES;
				GCC_OPTIMIZATION_LEVEL = 0;
				GCC_PREPROCESSOR_DEFINITIONS = (
					"DEBUG=1",
					"$(inherited)",
				);
				GCC_WARN_64_TO_32_BIT_CONVERSION = YES;
				GCC_WARN_ABOUT_RETURN_TYPE = YES_ERROR;
				GCC_WARN_UNDECLARED_SELECTOR = YES;
				GCC_WARN_UNINITIALIZED_AUTOS = YES_AGGRESSIVE;
				GCC_WARN_UNUSED_FUNCTION = YES;
				GCC_WARN_UNUSED_VARIABLE = YES;
				IPHONEOS_DEPLOYMENT_TARGET = 14.4;
				MTL_ENABLE_DEBUG_INFO = INCLUDE_SOURCE;
				MTL_FAST_MATH = YES;
				ONLY_ACTIVE_ARCH = YES;
				SDKROOT = iphoneos;
				SWIFT_ACTIVE_COMPILATION_CONDITIONS = DEBUG;
				SWIFT_OPTIMIZATION_LEVEL = "-Onone";
			};
			name = Debug;
		};
		A4F0F8A72658BE1E00E4AF96 /* Release */ = {
			isa = XCBuildConfiguration;
			buildSettings = {
				ALWAYS_SEARCH_USER_PATHS = NO;
				CLANG_ANALYZER_NONNULL = YES;
				CLANG_ANALYZER_NUMBER_OBJECT_CONVERSION = YES_AGGRESSIVE;
				CLANG_CXX_LANGUAGE_STANDARD = "gnu++14";
				CLANG_CXX_LIBRARY = "libc++";
				CLANG_ENABLE_MODULES = YES;
				CLANG_ENABLE_OBJC_ARC = YES;
				CLANG_ENABLE_OBJC_WEAK = YES;
				CLANG_WARN_BLOCK_CAPTURE_AUTORELEASING = YES;
				CLANG_WARN_BOOL_CONVERSION = YES;
				CLANG_WARN_COMMA = YES;
				CLANG_WARN_CONSTANT_CONVERSION = YES;
				CLANG_WARN_DEPRECATED_OBJC_IMPLEMENTATIONS = YES;
				CLANG_WARN_DIRECT_OBJC_ISA_USAGE = YES_ERROR;
				CLANG_WARN_DOCUMENTATION_COMMENTS = YES;
				CLANG_WARN_EMPTY_BODY = YES;
				CLANG_WARN_ENUM_CONVERSION = YES;
				CLANG_WARN_INFINITE_RECURSION = YES;
				CLANG_WARN_INT_CONVERSION = YES;
				CLANG_WARN_NON_LITERAL_NULL_CONVERSION = YES;
				CLANG_WARN_OBJC_IMPLICIT_RETAIN_SELF = YES;
				CLANG_WARN_OBJC_LITERAL_CONVERSION = YES;
				CLANG_WARN_OBJC_ROOT_CLASS = YES_ERROR;
				CLANG_WARN_QUOTED_INCLUDE_IN_FRAMEWORK_HEADER = YES;
				CLANG_WARN_RANGE_LOOP_ANALYSIS = YES;
				CLANG_WARN_STRICT_PROTOTYPES = YES;
				CLANG_WARN_SUSPICIOUS_MOVE = YES;
				CLANG_WARN_UNGUARDED_AVAILABILITY = YES_AGGRESSIVE;
				CLANG_WARN_UNREACHABLE_CODE = YES;
				CLANG_WARN__DUPLICATE_METHOD_MATCH = YES;
				COPY_PHASE_STRIP = NO;
				DEBUG_INFORMATION_FORMAT = "dwarf-with-dsym";
				ENABLE_NS_ASSERTIONS = NO;
				ENABLE_STRICT_OBJC_MSGSEND = YES;
				GCC_C_LANGUAGE_STANDARD = gnu11;
				GCC_NO_COMMON_BLOCKS = YES;
				GCC_WARN_64_TO_32_BIT_CONVERSION = YES;
				GCC_WARN_ABOUT_RETURN_TYPE = YES_ERROR;
				GCC_WARN_UNDECLARED_SELECTOR = YES;
				GCC_WARN_UNINITIALIZED_AUTOS = YES_AGGRESSIVE;
				GCC_WARN_UNUSED_FUNCTION = YES;
				GCC_WARN_UNUSED_VARIABLE = YES;
				IPHONEOS_DEPLOYMENT_TARGET = 14.4;
				MTL_ENABLE_DEBUG_INFO = NO;
				MTL_FAST_MATH = YES;
				SDKROOT = iphoneos;
				SWIFT_COMPILATION_MODE = wholemodule;
				SWIFT_OPTIMIZATION_LEVEL = "-O";
				VALIDATE_PRODUCT = YES;
			};
			name = Release;
		};
		A4F0F8A92658BE1E00E4AF96 /* Debug */ = {
			isa = XCBuildConfiguration;
			buildSettings = {
				ASSETCATALOG_COMPILER_APPICON_NAME = AppIcon;
				ASSETCATALOG_COMPILER_GLOBAL_ACCENT_COLOR_NAME = AccentColor;
				CODE_SIGN_STYLE = Automatic;
				DEVELOPMENT_TEAM = 8HSC6WJMH6;
				INFOPLIST_FILE = Task10/Info.plist;
				LD_RUNPATH_SEARCH_PATHS = (
					"$(inherited)",
					"@executable_path/Frameworks",
				);
				PRODUCT_BUNDLE_IDENTIFIER = jp.techacademy.kazuma.miura2.Task10;
				PRODUCT_NAME = "$(TARGET_NAME)";
				SWIFT_VERSION = 5.0;
				TARGETED_DEVICE_FAMILY = "1,2";
			};
			name = Debug;
		};
		A4F0F8AA2658BE1E00E4AF96 /* Release */ = {
			isa = XCBuildConfiguration;
			buildSettings = {
				ASSETCATALOG_COMPILER_APPICON_NAME = AppIcon;
				ASSETCATALOG_COMPILER_GLOBAL_ACCENT_COLOR_NAME = AccentColor;
				CODE_SIGN_STYLE = Automatic;
				DEVELOPMENT_TEAM = 8HSC6WJMH6;
				INFOPLIST_FILE = Task10/Info.plist;
				LD_RUNPATH_SEARCH_PATHS = (
					"$(inherited)",
					"@executable_path/Frameworks",
				);
				PRODUCT_BUNDLE_IDENTIFIER = jp.techacademy.kazuma.miura2.Task10;
				PRODUCT_NAME = "$(TARGET_NAME)";
				SWIFT_VERSION = 5.0;
				TARGETED_DEVICE_FAMILY = "1,2";
			};
			name = Release;
		};
		A4F0F8AC2658BE1E00E4AF96 /* Debug */ = {
			isa = XCBuildConfiguration;
			buildSettings = {
				ALWAYS_EMBED_SWIFT_STANDARD_LIBRARIES = YES;
				BUNDLE_LOADER = "$(TEST_HOST)";
				CODE_SIGN_STYLE = Automatic;
				DEVELOPMENT_TEAM = 8HSC6WJMH6;
				INFOPLIST_FILE = Task10Tests/Info.plist;
				IPHONEOS_DEPLOYMENT_TARGET = 14.4;
				LD_RUNPATH_SEARCH_PATHS = (
					"$(inherited)",
					"@executable_path/Frameworks",
					"@loader_path/Frameworks",
				);
				PRODUCT_BUNDLE_IDENTIFIER = jp.techacademy.kazuma.miura2.Task10Tests;
				PRODUCT_NAME = "$(TARGET_NAME)";
				SWIFT_VERSION = 5.0;
				TARGETED_DEVICE_FAMILY = "1,2";
				TEST_HOST = "$(BUILT_PRODUCTS_DIR)/Task10.app/Task10";
			};
			name = Debug;
		};
		A4F0F8AD2658BE1E00E4AF96 /* Release */ = {
			isa = XCBuildConfiguration;
			buildSettings = {
				ALWAYS_EMBED_SWIFT_STANDARD_LIBRARIES = YES;
				BUNDLE_LOADER = "$(TEST_HOST)";
				CODE_SIGN_STYLE = Automatic;
				DEVELOPMENT_TEAM = 8HSC6WJMH6;
				INFOPLIST_FILE = Task10Tests/Info.plist;
				IPHONEOS_DEPLOYMENT_TARGET = 14.4;
				LD_RUNPATH_SEARCH_PATHS = (
					"$(inherited)",
					"@executable_path/Frameworks",
					"@loader_path/Frameworks",
				);
				PRODUCT_BUNDLE_IDENTIFIER = jp.techacademy.kazuma.miura2.Task10Tests;
				PRODUCT_NAME = "$(TARGET_NAME)";
				SWIFT_VERSION = 5.0;
				TARGETED_DEVICE_FAMILY = "1,2";
				TEST_HOST = "$(BUILT_PRODUCTS_DIR)/Task10.app/Task10";
			};
			name = Release;
		};
		A4F0F8AF2658BE1E00E4AF96 /* Debug */ = {
			isa = XCBuildConfiguration;
			buildSettings = {
				ALWAYS_EMBED_SWIFT_STANDARD_LIBRARIES = YES;
				CODE_SIGN_STYLE = Automatic;
				DEVELOPMENT_TEAM = 8HSC6WJMH6;
				INFOPLIST_FILE = Task10UITests/Info.plist;
				LD_RUNPATH_SEARCH_PATHS = (
					"$(inherited)",
					"@executable_path/Frameworks",
					"@loader_path/Frameworks",
				);
				PRODUCT_BUNDLE_IDENTIFIER = jp.techacademy.kazuma.miura2.Task10UITests;
				PRODUCT_NAME = "$(TARGET_NAME)";
				SWIFT_VERSION = 5.0;
				TARGETED_DEVICE_FAMILY = "1,2";
				TEST_TARGET_NAME = Task10;
			};
			name = Debug;
		};
		A4F0F8B02658BE1E00E4AF96 /* Release */ = {
			isa = XCBuildConfiguration;
			buildSettings = {
				ALWAYS_EMBED_SWIFT_STANDARD_LIBRARIES = YES;
				CODE_SIGN_STYLE = Automatic;
				DEVELOPMENT_TEAM = 8HSC6WJMH6;
				INFOPLIST_FILE = Task10UITests/Info.plist;
				LD_RUNPATH_SEARCH_PATHS = (
					"$(inherited)",
					"@executable_path/Frameworks",
					"@loader_path/Frameworks",
				);
				PRODUCT_BUNDLE_IDENTIFIER = jp.techacademy.kazuma.miura2.Task10UITests;
				PRODUCT_NAME = "$(TARGET_NAME)";
				SWIFT_VERSION = 5.0;
				TARGETED_DEVICE_FAMILY = "1,2";
				TEST_TARGET_NAME = Task10;
			};
			name = Release;
		};
/* End XCBuildConfiguration section */

/* Begin XCConfigurationList section */
		A4F0F8792658BE1C00E4AF96 /* Build configuration list for PBXProject "Task10" */ = {
			isa = XCConfigurationList;
			buildConfigurations = (
				A4F0F8A62658BE1E00E4AF96 /* Debug */,
				A4F0F8A72658BE1E00E4AF96 /* Release */,
			);
			defaultConfigurationIsVisible = 0;
			defaultConfigurationName = Release;
		};
		A4F0F8A82658BE1E00E4AF96 /* Build configuration list for PBXNativeTarget "Task10" */ = {
			isa = XCConfigurationList;
			buildConfigurations = (
				A4F0F8A92658BE1E00E4AF96 /* Debug */,
				A4F0F8AA2658BE1E00E4AF96 /* Release */,
			);
			defaultConfigurationIsVisible = 0;
			defaultConfigurationName = Release;
		};
		A4F0F8AB2658BE1E00E4AF96 /* Build configuration list for PBXNativeTarget "Task10Tests" */ = {
			isa = XCConfigurationList;
			buildConfigurations = (
				A4F0F8AC2658BE1E00E4AF96 /* Debug */,
				A4F0F8AD2658BE1E00E4AF96 /* Release */,
			);
			defaultConfigurationIsVisible = 0;
			defaultConfigurationName = Release;
		};
		A4F0F8AE2658BE1E00E4AF96 /* Build configuration list for PBXNativeTarget "Task10UITests" */ = {
			isa = XCConfigurationList;
			buildConfigurations = (
				A4F0F8AF2658BE1E00E4AF96 /* Debug */,
				A4F0F8B02658BE1E00E4AF96 /* Release */,
			);
			defaultConfigurationIsVisible = 0;
			defaultConfigurationName = Release;
		};
/* End XCConfigurationList section */
	};
	rootObject = A4F0F8762658BE1C00E4AF96 /* Project object */;
}
